// !$*UTF8*$!
{
	archiveVersion = 1;
	classes = {
	};
	objectVersion = 56;
	objects = {

/* Begin PBXBuildFile section */
		5466D71C2A2DD88900F4EFB8 /* RepoSurferApp.swift in Sources */ = {isa = PBXBuildFile; fileRef = 5466D71B2A2DD88900F4EFB8 /* RepoSurferApp.swift */; };
		5466D71E2A2DD88900F4EFB8 /* LoginView.swift in Sources */ = {isa = PBXBuildFile; fileRef = 5466D71D2A2DD88900F4EFB8 /* LoginView.swift */; };
		5466D7202A2DD88A00F4EFB8 /* Assets.xcassets in Resources */ = {isa = PBXBuildFile; fileRef = 5466D71F2A2DD88A00F4EFB8 /* Assets.xcassets */; };
		5466D7232A2DD88A00F4EFB8 /* Preview Assets.xcassets in Resources */ = {isa = PBXBuildFile; fileRef = 5466D7222A2DD88A00F4EFB8 /* Preview Assets.xcassets */; };
		5466D72D2A2DD88A00F4EFB8 /* RepoSurferTests.swift in Sources */ = {isa = PBXBuildFile; fileRef = 5466D72C2A2DD88A00F4EFB8 /* RepoSurferTests.swift */; };
		5466D7372A2DD88A00F4EFB8 /* RepoSurferUITests.swift in Sources */ = {isa = PBXBuildFile; fileRef = 5466D7362A2DD88A00F4EFB8 /* RepoSurferUITests.swift */; };
		5466D7392A2DD88A00F4EFB8 /* RepoSurferUITestsLaunchTests.swift in Sources */ = {isa = PBXBuildFile; fileRef = 5466D7382A2DD88A00F4EFB8 /* RepoSurferUITestsLaunchTests.swift */; };
		5466D7482A2DD9E100F4EFB8 /* LoginViewModel.swift in Sources */ = {isa = PBXBuildFile; fileRef = 5466D7472A2DD9E100F4EFB8 /* LoginViewModel.swift */; };
		5466D74B2A2DDAA900F4EFB8 /* LoginService.swift in Sources */ = {isa = PBXBuildFile; fileRef = 5466D74A2A2DDAA900F4EFB8 /* LoginService.swift */; };
		5466D74E2A2DDB1800F4EFB8 /* HTTPMethod.swift in Sources */ = {isa = PBXBuildFile; fileRef = 5466D74D2A2DDB1800F4EFB8 /* HTTPMethod.swift */; };
		5466D7512A2DDB8200F4EFB8 /* Token.swift in Sources */ = {isa = PBXBuildFile; fileRef = 5466D7502A2DDB8200F4EFB8 /* Token.swift */; };
		5466D7532A2DDC6000F4EFB8 /* HTTPClient.swift in Sources */ = {isa = PBXBuildFile; fileRef = 5466D7522A2DDC6000F4EFB8 /* HTTPClient.swift */; };
		5466D7552A2DDE3300F4EFB8 /* EndPoint.swift in Sources */ = {isa = PBXBuildFile; fileRef = 5466D7542A2DDE3300F4EFB8 /* EndPoint.swift */; };
		5466D7572A2DDFAC00F4EFB8 /* RequestError.swift in Sources */ = {isa = PBXBuildFile; fileRef = 5466D7562A2DDFAC00F4EFB8 /* RequestError.swift */; };
		5466D7592A2DFD9400F4EFB8 /* HTTPContentType.swift in Sources */ = {isa = PBXBuildFile; fileRef = 5466D7582A2DFD9400F4EFB8 /* HTTPContentType.swift */; };
		5466D75C2A2DFF4500F4EFB8 /* LoginEndpoint.swift in Sources */ = {isa = PBXBuildFile; fileRef = 5466D75B2A2DFF4500F4EFB8 /* LoginEndpoint.swift */; };
		5466D75F2A2E032000F4EFB8 /* Constants.swift in Sources */ = {isa = PBXBuildFile; fileRef = 5466D75E2A2E032000F4EFB8 /* Constants.swift */; };
		5466D7612A2E21C500F4EFB8 /* Keychain.swift in Sources */ = {isa = PBXBuildFile; fileRef = 5466D7602A2E21C500F4EFB8 /* Keychain.swift */; };
		5466D7632A2E2D0400F4EFB8 /* RepositoryListView.swift in Sources */ = {isa = PBXBuildFile; fileRef = 5466D7622A2E2D0400F4EFB8 /* RepositoryListView.swift */; };
		5466D7672A2E306A00F4EFB8 /* RepoService.swift in Sources */ = {isa = PBXBuildFile; fileRef = 5466D7662A2E306A00F4EFB8 /* RepoService.swift */; };
		5466D7692A2E30B200F4EFB8 /* Repository.swift in Sources */ = {isa = PBXBuildFile; fileRef = 5466D7682A2E30B200F4EFB8 /* Repository.swift */; };
		5466D76B2A2E30F400F4EFB8 /* HomeEndPoint.swift in Sources */ = {isa = PBXBuildFile; fileRef = 5466D76A2A2E30F400F4EFB8 /* HomeEndPoint.swift */; };
		5466D76D2A2E317100F4EFB8 /* RepositoryListViewModel.swift in Sources */ = {isa = PBXBuildFile; fileRef = 5466D76C2A2E317100F4EFB8 /* RepositoryListViewModel.swift */; };
		5466D76F2A2E325000F4EFB8 /* RepositoryDetailView.swift in Sources */ = {isa = PBXBuildFile; fileRef = 5466D76E2A2E325000F4EFB8 /* RepositoryDetailView.swift */; };
		5466D7712A2E32A400F4EFB8 /* RepositoryItem.swift in Sources */ = {isa = PBXBuildFile; fileRef = 5466D7702A2E32A400F4EFB8 /* RepositoryItem.swift */; };
		5466D7792A2F4E5100F4EFB8 /* String+Extension.swift in Sources */ = {isa = PBXBuildFile; fileRef = 5466D7782A2F4E5100F4EFB8 /* String+Extension.swift */; };
		5466D77C2A2F631600F4EFB8 /* RepositoryDetailHeaderView.swift in Sources */ = {isa = PBXBuildFile; fileRef = 5466D77B2A2F631600F4EFB8 /* RepositoryDetailHeaderView.swift */; };
		54C3AB2C2A30A61700629076 /* KeychainSwift in Frameworks */ = {isa = PBXBuildFile; productRef = 54C3AB2B2A30A61700629076 /* KeychainSwift */; };
		54C3AB2E2A30C51100629076 /* RepositoryListTestCase.swift in Sources */ = {isa = PBXBuildFile; fileRef = 54C3AB2D2A30C51100629076 /* RepositoryListTestCase.swift */; };
		54C3AB302A32333300629076 /* Readme.rtf in Resources */ = {isa = PBXBuildFile; fileRef = 54C3AB2F2A32333300629076 /* Readme.rtf */; };
/* End PBXBuildFile section */

/* Begin PBXContainerItemProxy section */
		5466D7292A2DD88A00F4EFB8 /* PBXContainerItemProxy */ = {
			isa = PBXContainerItemProxy;
			containerPortal = 5466D7102A2DD88900F4EFB8 /* Project object */;
			proxyType = 1;
			remoteGlobalIDString = 5466D7172A2DD88900F4EFB8;
			remoteInfo = RepoSurfer;
		};
		5466D7332A2DD88A00F4EFB8 /* PBXContainerItemProxy */ = {
			isa = PBXContainerItemProxy;
			containerPortal = 5466D7102A2DD88900F4EFB8 /* Project object */;
			proxyType = 1;
			remoteGlobalIDString = 5466D7172A2DD88900F4EFB8;
			remoteInfo = RepoSurfer;
		};
/* End PBXContainerItemProxy section */

/* Begin PBXFileReference section */
		5466D7182A2DD88900F4EFB8 /* RepoSurfer.app */ = {isa = PBXFileReference; explicitFileType = wrapper.application; includeInIndex = 0; path = RepoSurfer.app; sourceTree = BUILT_PRODUCTS_DIR; };
		5466D71B2A2DD88900F4EFB8 /* RepoSurferApp.swift */ = {isa = PBXFileReference; lastKnownFileType = sourcecode.swift; path = RepoSurferApp.swift; sourceTree = "<group>"; };
		5466D71D2A2DD88900F4EFB8 /* LoginView.swift */ = {isa = PBXFileReference; lastKnownFileType = sourcecode.swift; path = LoginView.swift; sourceTree = "<group>"; };
		5466D71F2A2DD88A00F4EFB8 /* Assets.xcassets */ = {isa = PBXFileReference; lastKnownFileType = folder.assetcatalog; path = Assets.xcassets; sourceTree = "<group>"; };
		5466D7222A2DD88A00F4EFB8 /* Preview Assets.xcassets */ = {isa = PBXFileReference; lastKnownFileType = folder.assetcatalog; path = "Preview Assets.xcassets"; sourceTree = "<group>"; };
		5466D7282A2DD88A00F4EFB8 /* RepoSurferTests.xctest */ = {isa = PBXFileReference; explicitFileType = wrapper.cfbundle; includeInIndex = 0; path = RepoSurferTests.xctest; sourceTree = BUILT_PRODUCTS_DIR; };
		5466D72C2A2DD88A00F4EFB8 /* RepoSurferTests.swift */ = {isa = PBXFileReference; lastKnownFileType = sourcecode.swift; path = RepoSurferTests.swift; sourceTree = "<group>"; };
		5466D7322A2DD88A00F4EFB8 /* RepoSurferUITests.xctest */ = {isa = PBXFileReference; explicitFileType = wrapper.cfbundle; includeInIndex = 0; path = RepoSurferUITests.xctest; sourceTree = BUILT_PRODUCTS_DIR; };
		5466D7362A2DD88A00F4EFB8 /* RepoSurferUITests.swift */ = {isa = PBXFileReference; lastKnownFileType = sourcecode.swift; path = RepoSurferUITests.swift; sourceTree = "<group>"; };
		5466D7382A2DD88A00F4EFB8 /* RepoSurferUITestsLaunchTests.swift */ = {isa = PBXFileReference; lastKnownFileType = sourcecode.swift; path = RepoSurferUITestsLaunchTests.swift; sourceTree = "<group>"; };
		5466D7452A2DD8BC00F4EFB8 /* Info.plist */ = {isa = PBXFileReference; lastKnownFileType = text.plist; path = Info.plist; sourceTree = "<group>"; };
		5466D7472A2DD9E100F4EFB8 /* LoginViewModel.swift */ = {isa = PBXFileReference; lastKnownFileType = sourcecode.swift; path = LoginViewModel.swift; sourceTree = "<group>"; };
		5466D74A2A2DDAA900F4EFB8 /* LoginService.swift */ = {isa = PBXFileReference; lastKnownFileType = sourcecode.swift; path = LoginService.swift; sourceTree = "<group>"; };
		5466D74D2A2DDB1800F4EFB8 /* HTTPMethod.swift */ = {isa = PBXFileReference; lastKnownFileType = sourcecode.swift; path = HTTPMethod.swift; sourceTree = "<group>"; };
		5466D7502A2DDB8200F4EFB8 /* Token.swift */ = {isa = PBXFileReference; lastKnownFileType = sourcecode.swift; path = Token.swift; sourceTree = "<group>"; };
		5466D7522A2DDC6000F4EFB8 /* HTTPClient.swift */ = {isa = PBXFileReference; lastKnownFileType = sourcecode.swift; path = HTTPClient.swift; sourceTree = "<group>"; };
		5466D7542A2DDE3300F4EFB8 /* EndPoint.swift */ = {isa = PBXFileReference; lastKnownFileType = sourcecode.swift; path = EndPoint.swift; sourceTree = "<group>"; };
		5466D7562A2DDFAC00F4EFB8 /* RequestError.swift */ = {isa = PBXFileReference; lastKnownFileType = sourcecode.swift; path = RequestError.swift; sourceTree = "<group>"; };
		5466D7582A2DFD9400F4EFB8 /* HTTPContentType.swift */ = {isa = PBXFileReference; lastKnownFileType = sourcecode.swift; path = HTTPContentType.swift; sourceTree = "<group>"; };
		5466D75B2A2DFF4500F4EFB8 /* LoginEndpoint.swift */ = {isa = PBXFileReference; lastKnownFileType = sourcecode.swift; path = LoginEndpoint.swift; sourceTree = "<group>"; };
		5466D75E2A2E032000F4EFB8 /* Constants.swift */ = {isa = PBXFileReference; lastKnownFileType = sourcecode.swift; path = Constants.swift; sourceTree = "<group>"; };
		5466D7602A2E21C500F4EFB8 /* Keychain.swift */ = {isa = PBXFileReference; lastKnownFileType = sourcecode.swift; path = Keychain.swift; sourceTree = "<group>"; };
		5466D7622A2E2D0400F4EFB8 /* RepositoryListView.swift */ = {isa = PBXFileReference; lastKnownFileType = sourcecode.swift; path = RepositoryListView.swift; sourceTree = "<group>"; };
		5466D7662A2E306A00F4EFB8 /* RepoService.swift */ = {isa = PBXFileReference; lastKnownFileType = sourcecode.swift; path = RepoService.swift; sourceTree = "<group>"; };
		5466D7682A2E30B200F4EFB8 /* Repository.swift */ = {isa = PBXFileReference; lastKnownFileType = sourcecode.swift; path = Repository.swift; sourceTree = "<group>"; };
		5466D76A2A2E30F400F4EFB8 /* HomeEndPoint.swift */ = {isa = PBXFileReference; lastKnownFileType = sourcecode.swift; path = HomeEndPoint.swift; sourceTree = "<group>"; };
		5466D76C2A2E317100F4EFB8 /* RepositoryListViewModel.swift */ = {isa = PBXFileReference; lastKnownFileType = sourcecode.swift; path = RepositoryListViewModel.swift; sourceTree = "<group>"; };
		5466D76E2A2E325000F4EFB8 /* RepositoryDetailView.swift */ = {isa = PBXFileReference; lastKnownFileType = sourcecode.swift; path = RepositoryDetailView.swift; sourceTree = "<group>"; };
		5466D7702A2E32A400F4EFB8 /* RepositoryItem.swift */ = {isa = PBXFileReference; lastKnownFileType = sourcecode.swift; path = RepositoryItem.swift; sourceTree = "<group>"; };
		5466D7782A2F4E5100F4EFB8 /* String+Extension.swift */ = {isa = PBXFileReference; lastKnownFileType = sourcecode.swift; path = "String+Extension.swift"; sourceTree = "<group>"; };
		5466D77B2A2F631600F4EFB8 /* RepositoryDetailHeaderView.swift */ = {isa = PBXFileReference; lastKnownFileType = sourcecode.swift; path = RepositoryDetailHeaderView.swift; sourceTree = "<group>"; };
		54C3AB2D2A30C51100629076 /* RepositoryListTestCase.swift */ = {isa = PBXFileReference; lastKnownFileType = sourcecode.swift; path = RepositoryListTestCase.swift; sourceTree = "<group>"; };
		54C3AB2F2A32333300629076 /* Readme.rtf */ = {isa = PBXFileReference; lastKnownFileType = text.rtf; path = Readme.rtf; sourceTree = "<group>"; };
/* End PBXFileReference section */

/* Begin PBXFrameworksBuildPhase section */
		5466D7152A2DD88900F4EFB8 /* Frameworks */ = {
			isa = PBXFrameworksBuildPhase;
			buildActionMask = 2147483647;
			files = (
				54C3AB2C2A30A61700629076 /* KeychainSwift in Frameworks */,
			);
			runOnlyForDeploymentPostprocessing = 0;
		};
		5466D7252A2DD88A00F4EFB8 /* Frameworks */ = {
			isa = PBXFrameworksBuildPhase;
			buildActionMask = 2147483647;
			files = (
			);
			runOnlyForDeploymentPostprocessing = 0;
		};
		5466D72F2A2DD88A00F4EFB8 /* Frameworks */ = {
			isa = PBXFrameworksBuildPhase;
			buildActionMask = 2147483647;
			files = (
			);
			runOnlyForDeploymentPostprocessing = 0;
		};
/* End PBXFrameworksBuildPhase section */

/* Begin PBXGroup section */
		5466D70F2A2DD88900F4EFB8 = {
			isa = PBXGroup;
			children = (
				5466D71A2A2DD88900F4EFB8 /* RepoSurfer */,
				5466D72B2A2DD88A00F4EFB8 /* RepoSurferTests */,
				5466D7352A2DD88A00F4EFB8 /* RepoSurferUITests */,
				5466D7192A2DD88900F4EFB8 /* Products */,
			);
			sourceTree = "<group>";
		};
		5466D7192A2DD88900F4EFB8 /* Products */ = {
			isa = PBXGroup;
			children = (
				5466D7182A2DD88900F4EFB8 /* RepoSurfer.app */,
				5466D7282A2DD88A00F4EFB8 /* RepoSurferTests.xctest */,
				5466D7322A2DD88A00F4EFB8 /* RepoSurferUITests.xctest */,
			);
			name = Products;
			sourceTree = "<group>";
		};
		5466D71A2A2DD88900F4EFB8 /* RepoSurfer */ = {
			isa = PBXGroup;
			children = (
				5466D74F2A2DDB7600F4EFB8 /* Model */,
				5466D7732A2E454300F4EFB8 /* View */,
				5466D7462A2DD9C500F4EFB8 /* ViewModel */,
				5466D75D2A2E031000F4EFB8 /* Utilities */,
				5466D74C2A2DDAFF00F4EFB8 /* Network */,
				5466D7492A2DDA9300F4EFB8 /* Service */,
				5466D71B2A2DD88900F4EFB8 /* RepoSurferApp.swift */,
				5466D71F2A2DD88A00F4EFB8 /* Assets.xcassets */,
				5466D7452A2DD8BC00F4EFB8 /* Info.plist */,
				5466D7212A2DD88A00F4EFB8 /* Preview Content */,
			);
			path = RepoSurfer;
			sourceTree = "<group>";
		};
		5466D7212A2DD88A00F4EFB8 /* Preview Content */ = {
			isa = PBXGroup;
			children = (
				5466D7222A2DD88A00F4EFB8 /* Preview Assets.xcassets */,
			);
			path = "Preview Content";
			sourceTree = "<group>";
		};
		5466D72B2A2DD88A00F4EFB8 /* RepoSurferTests */ = {
			isa = PBXGroup;
			children = (
				5466D72C2A2DD88A00F4EFB8 /* RepoSurferTests.swift */,
				54C3AB2D2A30C51100629076 /* RepositoryListTestCase.swift */,
			);
			path = RepoSurferTests;
			sourceTree = "<group>";
		};
		5466D7352A2DD88A00F4EFB8 /* RepoSurferUITests */ = {
			isa = PBXGroup;
			children = (
				5466D7362A2DD88A00F4EFB8 /* RepoSurferUITests.swift */,
				5466D7382A2DD88A00F4EFB8 /* RepoSurferUITestsLaunchTests.swift */,
			);
			path = RepoSurferUITests;
			sourceTree = "<group>";
		};
		5466D7462A2DD9C500F4EFB8 /* ViewModel */ = {
			isa = PBXGroup;
			children = (
				5466D7472A2DD9E100F4EFB8 /* LoginViewModel.swift */,
				5466D76C2A2E317100F4EFB8 /* RepositoryListViewModel.swift */,
				54C3AB2F2A32333300629076 /* Readme.rtf */,
			);
			path = ViewModel;
			sourceTree = "<group>";
		};
		5466D7492A2DDA9300F4EFB8 /* Service */ = {
			isa = PBXGroup;
			children = (
				5466D74A2A2DDAA900F4EFB8 /* LoginService.swift */,
				5466D7662A2E306A00F4EFB8 /* RepoService.swift */,
			);
			path = Service;
			sourceTree = "<group>";
		};
		5466D74C2A2DDAFF00F4EFB8 /* Network */ = {
			isa = PBXGroup;
			children = (
				5466D75A2A2DFF3800F4EFB8 /* Endpoints */,
				5466D74D2A2DDB1800F4EFB8 /* HTTPMethod.swift */,
				5466D7582A2DFD9400F4EFB8 /* HTTPContentType.swift */,
				5466D7522A2DDC6000F4EFB8 /* HTTPClient.swift */,
				5466D7562A2DDFAC00F4EFB8 /* RequestError.swift */,
			);
			path = Network;
			sourceTree = "<group>";
		};
		5466D74F2A2DDB7600F4EFB8 /* Model */ = {
			isa = PBXGroup;
			children = (
				5466D7502A2DDB8200F4EFB8 /* Token.swift */,
				5466D7682A2E30B200F4EFB8 /* Repository.swift */,
			);
			path = Model;
			sourceTree = "<group>";
		};
		5466D75A2A2DFF3800F4EFB8 /* Endpoints */ = {
			isa = PBXGroup;
			children = (
				5466D7542A2DDE3300F4EFB8 /* EndPoint.swift */,
				5466D75B2A2DFF4500F4EFB8 /* LoginEndpoint.swift */,
				5466D76A2A2E30F400F4EFB8 /* HomeEndPoint.swift */,
			);
			path = Endpoints;
			sourceTree = "<group>";
		};
		5466D75D2A2E031000F4EFB8 /* Utilities */ = {
			isa = PBXGroup;
			children = (
				5466D75E2A2E032000F4EFB8 /* Constants.swift */,
				5466D7602A2E21C500F4EFB8 /* Keychain.swift */,
				5466D7782A2F4E5100F4EFB8 /* String+Extension.swift */,
			);
			path = Utilities;
			sourceTree = "<group>";
		};
		5466D7732A2E454300F4EFB8 /* View */ = {
			isa = PBXGroup;
			children = (
				5466D77A2A2F603900F4EFB8 /* Component */,
				5466D71D2A2DD88900F4EFB8 /* LoginView.swift */,
				5466D7622A2E2D0400F4EFB8 /* RepositoryListView.swift */,
				5466D76E2A2E325000F4EFB8 /* RepositoryDetailView.swift */,
			);
			path = View;
			sourceTree = "<group>";
		};
		5466D77A2A2F603900F4EFB8 /* Component */ = {
			isa = PBXGroup;
			children = (
				5466D7702A2E32A400F4EFB8 /* RepositoryItem.swift */,
				5466D77B2A2F631600F4EFB8 /* RepositoryDetailHeaderView.swift */,
			);
			path = Component;
			sourceTree = "<group>";
		};
/* End PBXGroup section */

/* Begin PBXNativeTarget section */
		5466D7172A2DD88900F4EFB8 /* RepoSurfer */ = {
			isa = PBXNativeTarget;
			buildConfigurationList = 5466D73C2A2DD88A00F4EFB8 /* Build configuration list for PBXNativeTarget "RepoSurfer" */;
			buildPhases = (
				5466D7142A2DD88900F4EFB8 /* Sources */,
				5466D7152A2DD88900F4EFB8 /* Frameworks */,
				5466D7162A2DD88900F4EFB8 /* Resources */,
			);
			buildRules = (
			);
			dependencies = (
			);
			name = RepoSurfer;
			packageProductDependencies = (
				54C3AB2B2A30A61700629076 /* KeychainSwift */,
			);
			productName = RepoSurfer;
			productReference = 5466D7182A2DD88900F4EFB8 /* RepoSurfer.app */;
			productType = "com.apple.product-type.application";
		};
		5466D7272A2DD88A00F4EFB8 /* RepoSurferTests */ = {
			isa = PBXNativeTarget;
			buildConfigurationList = 5466D73F2A2DD88A00F4EFB8 /* Build configuration list for PBXNativeTarget "RepoSurferTests" */;
			buildPhases = (
				5466D7242A2DD88A00F4EFB8 /* Sources */,
				5466D7252A2DD88A00F4EFB8 /* Frameworks */,
				5466D7262A2DD88A00F4EFB8 /* Resources */,
			);
			buildRules = (
			);
			dependencies = (
				5466D72A2A2DD88A00F4EFB8 /* PBXTargetDependency */,
			);
			name = RepoSurferTests;
			productName = RepoSurferTests;
			productReference = 5466D7282A2DD88A00F4EFB8 /* RepoSurferTests.xctest */;
			productType = "com.apple.product-type.bundle.unit-test";
		};
		5466D7312A2DD88A00F4EFB8 /* RepoSurferUITests */ = {
			isa = PBXNativeTarget;
			buildConfigurationList = 5466D7422A2DD88A00F4EFB8 /* Build configuration list for PBXNativeTarget "RepoSurferUITests" */;
			buildPhases = (
				5466D72E2A2DD88A00F4EFB8 /* Sources */,
				5466D72F2A2DD88A00F4EFB8 /* Frameworks */,
				5466D7302A2DD88A00F4EFB8 /* Resources */,
			);
			buildRules = (
			);
			dependencies = (
				5466D7342A2DD88A00F4EFB8 /* PBXTargetDependency */,
			);
			name = RepoSurferUITests;
			productName = RepoSurferUITests;
			productReference = 5466D7322A2DD88A00F4EFB8 /* RepoSurferUITests.xctest */;
			productType = "com.apple.product-type.bundle.ui-testing";
		};
/* End PBXNativeTarget section */

/* Begin PBXProject section */
		5466D7102A2DD88900F4EFB8 /* Project object */ = {
			isa = PBXProject;
			attributes = {
				BuildIndependentTargetsInParallel = 1;
				LastSwiftUpdateCheck = 1420;
				LastUpgradeCheck = 1420;
				TargetAttributes = {
					5466D7172A2DD88900F4EFB8 = {
						CreatedOnToolsVersion = 14.2;
					};
					5466D7272A2DD88A00F4EFB8 = {
						CreatedOnToolsVersion = 14.2;
						TestTargetID = 5466D7172A2DD88900F4EFB8;
					};
					5466D7312A2DD88A00F4EFB8 = {
						CreatedOnToolsVersion = 14.2;
						TestTargetID = 5466D7172A2DD88900F4EFB8;
					};
				};
			};
			buildConfigurationList = 5466D7132A2DD88900F4EFB8 /* Build configuration list for PBXProject "RepoSurfer" */;
			compatibilityVersion = "Xcode 14.0";
			developmentRegion = en;
			hasScannedForEncodings = 0;
			knownRegions = (
				en,
				Base,
			);
			mainGroup = 5466D70F2A2DD88900F4EFB8;
			packageReferences = (
				54C3AB2A2A30A61700629076 /* XCRemoteSwiftPackageReference "keychain-swift" */,
			);
			productRefGroup = 5466D7192A2DD88900F4EFB8 /* Products */;
			projectDirPath = "";
			projectRoot = "";
			targets = (
				5466D7172A2DD88900F4EFB8 /* RepoSurfer */,
				5466D7272A2DD88A00F4EFB8 /* RepoSurferTests */,
				5466D7312A2DD88A00F4EFB8 /* RepoSurferUITests */,
			);
		};
/* End PBXProject section */

/* Begin PBXResourcesBuildPhase section */
		5466D7162A2DD88900F4EFB8 /* Resources */ = {
			isa = PBXResourcesBuildPhase;
			buildActionMask = 2147483647;
			files = (
				54C3AB302A32333300629076 /* Readme.rtf in Resources */,
				5466D7232A2DD88A00F4EFB8 /* Preview Assets.xcassets in Resources */,
				5466D7202A2DD88A00F4EFB8 /* Assets.xcassets in Resources */,
			);
			runOnlyForDeploymentPostprocessing = 0;
		};
		5466D7262A2DD88A00F4EFB8 /* Resources */ = {
			isa = PBXResourcesBuildPhase;
			buildActionMask = 2147483647;
			files = (
			);
			runOnlyForDeploymentPostprocessing = 0;
		};
		5466D7302A2DD88A00F4EFB8 /* Resources */ = {
			isa = PBXResourcesBuildPhase;
			buildActionMask = 2147483647;
			files = (
			);
			runOnlyForDeploymentPostprocessing = 0;
		};
/* End PBXResourcesBuildPhase section */

/* Begin PBXSourcesBuildPhase section */
		5466D7142A2DD88900F4EFB8 /* Sources */ = {
			isa = PBXSourcesBuildPhase;
			buildActionMask = 2147483647;
			files = (
				5466D71E2A2DD88900F4EFB8 /* LoginView.swift in Sources */,
				5466D76D2A2E317100F4EFB8 /* RepositoryListViewModel.swift in Sources */,
				5466D77C2A2F631600F4EFB8 /* RepositoryDetailHeaderView.swift in Sources */,
				5466D7712A2E32A400F4EFB8 /* RepositoryItem.swift in Sources */,
				5466D7632A2E2D0400F4EFB8 /* RepositoryListView.swift in Sources */,
				5466D71C2A2DD88900F4EFB8 /* RepoSurferApp.swift in Sources */,
				5466D7612A2E21C500F4EFB8 /* Keychain.swift in Sources */,
				5466D75F2A2E032000F4EFB8 /* Constants.swift in Sources */,
				5466D7552A2DDE3300F4EFB8 /* EndPoint.swift in Sources */,
				5466D74E2A2DDB1800F4EFB8 /* HTTPMethod.swift in Sources */,
				5466D7532A2DDC6000F4EFB8 /* HTTPClient.swift in Sources */,
				5466D75C2A2DFF4500F4EFB8 /* LoginEndpoint.swift in Sources */,
				5466D7792A2F4E5100F4EFB8 /* String+Extension.swift in Sources */,
				5466D76F2A2E325000F4EFB8 /* RepositoryDetailView.swift in Sources */,
				5466D7672A2E306A00F4EFB8 /* RepoService.swift in Sources */,
				5466D7512A2DDB8200F4EFB8 /* Token.swift in Sources */,
				5466D7692A2E30B200F4EFB8 /* Repository.swift in Sources */,
				5466D7482A2DD9E100F4EFB8 /* LoginViewModel.swift in Sources */,
				5466D74B2A2DDAA900F4EFB8 /* LoginService.swift in Sources */,
				5466D7572A2DDFAC00F4EFB8 /* RequestError.swift in Sources */,
				5466D76B2A2E30F400F4EFB8 /* HomeEndPoint.swift in Sources */,
				5466D7592A2DFD9400F4EFB8 /* HTTPContentType.swift in Sources */,
			);
			runOnlyForDeploymentPostprocessing = 0;
		};
		5466D7242A2DD88A00F4EFB8 /* Sources */ = {
			isa = PBXSourcesBuildPhase;
			buildActionMask = 2147483647;
			files = (
				54C3AB2E2A30C51100629076 /* RepositoryListTestCase.swift in Sources */,
				5466D72D2A2DD88A00F4EFB8 /* RepoSurferTests.swift in Sources */,
			);
			runOnlyForDeploymentPostprocessing = 0;
		};
		5466D72E2A2DD88A00F4EFB8 /* Sources */ = {
			isa = PBXSourcesBuildPhase;
			buildActionMask = 2147483647;
			files = (
				5466D7372A2DD88A00F4EFB8 /* RepoSurferUITests.swift in Sources */,
				5466D7392A2DD88A00F4EFB8 /* RepoSurferUITestsLaunchTests.swift in Sources */,
			);
			runOnlyForDeploymentPostprocessing = 0;
		};
/* End PBXSourcesBuildPhase section */

/* Begin PBXTargetDependency section */
		5466D72A2A2DD88A00F4EFB8 /* PBXTargetDependency */ = {
			isa = PBXTargetDependency;
			target = 5466D7172A2DD88900F4EFB8 /* RepoSurfer */;
			targetProxy = 5466D7292A2DD88A00F4EFB8 /* PBXContainerItemProxy */;
		};
		5466D7342A2DD88A00F4EFB8 /* PBXTargetDependency */ = {
			isa = PBXTargetDependency;
			target = 5466D7172A2DD88900F4EFB8 /* RepoSurfer */;
			targetProxy = 5466D7332A2DD88A00F4EFB8 /* PBXContainerItemProxy */;
		};
/* End PBXTargetDependency section */

/* Begin XCBuildConfiguration section */
		5466D73A2A2DD88A00F4EFB8 /* Debug */ = {
			isa = XCBuildConfiguration;
			buildSettings = {
				ALWAYS_SEARCH_USER_PATHS = NO;
				CLANG_ANALYZER_NONNULL = YES;
				CLANG_ANALYZER_NUMBER_OBJECT_CONVERSION = YES_AGGRESSIVE;
				CLANG_CXX_LANGUAGE_STANDARD = "gnu++20";
				CLANG_ENABLE_MODULES = YES;
				CLANG_ENABLE_OBJC_ARC = YES;
				CLANG_ENABLE_OBJC_WEAK = YES;
				CLANG_WARN_BLOCK_CAPTURE_AUTORELEASING = YES;
				CLANG_WARN_BOOL_CONVERSION = YES;
				CLANG_WARN_COMMA = YES;
				CLANG_WARN_CONSTANT_CONVERSION = YES;
				CLANG_WARN_DEPRECATED_OBJC_IMPLEMENTATIONS = YES;
				CLANG_WARN_DIRECT_OBJC_ISA_USAGE = YES_ERROR;
				CLANG_WARN_DOCUMENTATION_COMMENTS = YES;
				CLANG_WARN_EMPTY_BODY = YES;
				CLANG_WARN_ENUM_CONVERSION = YES;
				CLANG_WARN_INFINITE_RECURSION = YES;
				CLANG_WARN_INT_CONVERSION = YES;
				CLANG_WARN_NON_LITERAL_NULL_CONVERSION = YES;
				CLANG_WARN_OBJC_IMPLICIT_RETAIN_SELF = YES;
				CLANG_WARN_OBJC_LITERAL_CONVERSION = YES;
				CLANG_WARN_OBJC_ROOT_CLASS = YES_ERROR;
				CLANG_WARN_QUOTED_INCLUDE_IN_FRAMEWORK_HEADER = YES;
				CLANG_WARN_RANGE_LOOP_ANALYSIS = YES;
				CLANG_WARN_STRICT_PROTOTYPES = YES;
				CLANG_WARN_SUSPICIOUS_MOVE = YES;
				CLANG_WARN_UNGUARDED_AVAILABILITY = YES_AGGRESSIVE;
				CLANG_WARN_UNREACHABLE_CODE = YES;
				CLANG_WARN__DUPLICATE_METHOD_MATCH = YES;
				COPY_PHASE_STRIP = NO;
				DEBUG_INFORMATION_FORMAT = dwarf;
				ENABLE_STRICT_OBJC_MSGSEND = YES;
				ENABLE_TESTABILITY = YES;
				GCC_C_LANGUAGE_STANDARD = gnu11;
				GCC_DYNAMIC_NO_PIC = NO;
				GCC_NO_COMMON_BLOCKS = YES;
				GCC_OPTIMIZATION_LEVEL = 0;
				GCC_PREPROCESSOR_DEFINITIONS = (
					"DEBUG=1",
					"$(inherited)",
				);
				GCC_WARN_64_TO_32_BIT_CONVERSION = YES;
				GCC_WARN_ABOUT_RETURN_TYPE = YES_ERROR;
				GCC_WARN_UNDECLARED_SELECTOR = YES;
				GCC_WARN_UNINITIALIZED_AUTOS = YES_AGGRESSIVE;
				GCC_WARN_UNUSED_FUNCTION = YES;
				GCC_WARN_UNUSED_VARIABLE = YES;
				IPHONEOS_DEPLOYMENT_TARGET = 16.2;
				MTL_ENABLE_DEBUG_INFO = INCLUDE_SOURCE;
				MTL_FAST_MATH = YES;
				ONLY_ACTIVE_ARCH = YES;
				SDKROOT = iphoneos;
				SWIFT_ACTIVE_COMPILATION_CONDITIONS = DEBUG;
				SWIFT_OPTIMIZATION_LEVEL = "-Onone";
			};
			name = Debug;
		};
		5466D73B2A2DD88A00F4EFB8 /* Release */ = {
			isa = XCBuildConfiguration;
			buildSettings = {
				ALWAYS_SEARCH_USER_PATHS = NO;
				CLANG_ANALYZER_NONNULL = YES;
				CLANG_ANALYZER_NUMBER_OBJECT_CONVERSION = YES_AGGRESSIVE;
				CLANG_CXX_LANGUAGE_STANDARD = "gnu++20";
				CLANG_ENABLE_MODULES = YES;
				CLANG_ENABLE_OBJC_ARC = YES;
				CLANG_ENABLE_OBJC_WEAK = YES;
				CLANG_WARN_BLOCK_CAPTURE_AUTORELEASING = YES;
				CLANG_WARN_BOOL_CONVERSION = YES;
				CLANG_WARN_COMMA = YES;
				CLANG_WARN_CONSTANT_CONVERSION = YES;
				CLANG_WARN_DEPRECATED_OBJC_IMPLEMENTATIONS = YES;
				CLANG_WARN_DIRECT_OBJC_ISA_USAGE = YES_ERROR;
				CLANG_WARN_DOCUMENTATION_COMMENTS = YES;
				CLANG_WARN_EMPTY_BODY = YES;
				CLANG_WARN_ENUM_CONVERSION = YES;
				CLANG_WARN_INFINITE_RECURSION = YES;
				CLANG_WARN_INT_CONVERSION = YES;
				CLANG_WARN_NON_LITERAL_NULL_CONVERSION = YES;
				CLANG_WARN_OBJC_IMPLICIT_RETAIN_SELF = YES;
				CLANG_WARN_OBJC_LITERAL_CONVERSION = YES;
				CLANG_WARN_OBJC_ROOT_CLASS = YES_ERROR;
				CLANG_WARN_QUOTED_INCLUDE_IN_FRAMEWORK_HEADER = YES;
				CLANG_WARN_RANGE_LOOP_ANALYSIS = YES;
				CLANG_WARN_STRICT_PROTOTYPES = YES;
				CLANG_WARN_SUSPICIOUS_MOVE = YES;
				CLANG_WARN_UNGUARDED_AVAILABILITY = YES_AGGRESSIVE;
				CLANG_WARN_UNREACHABLE_CODE = YES;
				CLANG_WARN__DUPLICATE_METHOD_MATCH = YES;
				COPY_PHASE_STRIP = NO;
				DEBUG_INFORMATION_FORMAT = "dwarf-with-dsym";
				ENABLE_NS_ASSERTIONS = NO;
				ENABLE_STRICT_OBJC_MSGSEND = YES;
				GCC_C_LANGUAGE_STANDARD = gnu11;
				GCC_NO_COMMON_BLOCKS = YES;
				GCC_WARN_64_TO_32_BIT_CONVERSION = YES;
				GCC_WARN_ABOUT_RETURN_TYPE = YES_ERROR;
				GCC_WARN_UNDECLARED_SELECTOR = YES;
				GCC_WARN_UNINITIALIZED_AUTOS = YES_AGGRESSIVE;
				GCC_WARN_UNUSED_FUNCTION = YES;
				GCC_WARN_UNUSED_VARIABLE = YES;
				IPHONEOS_DEPLOYMENT_TARGET = 16.2;
				MTL_ENABLE_DEBUG_INFO = NO;
				MTL_FAST_MATH = YES;
				SDKROOT = iphoneos;
				SWIFT_COMPILATION_MODE = wholemodule;
				SWIFT_OPTIMIZATION_LEVEL = "-O";
				VALIDATE_PRODUCT = YES;
			};
			name = Release;
		};
		5466D73D2A2DD88A00F4EFB8 /* Debug */ = {
			isa = XCBuildConfiguration;
			buildSettings = {
				ASSETCATALOG_COMPILER_APPICON_NAME = AppIcon;
				ASSETCATALOG_COMPILER_GLOBAL_ACCENT_COLOR_NAME = AccentColor;
				CODE_SIGN_STYLE = Automatic;
				CURRENT_PROJECT_VERSION = 1;
				DEVELOPMENT_ASSET_PATHS = "\"RepoSurfer/Preview Content\"";
				DEVELOPMENT_TEAM = 7D3D9829Z3;
				ENABLE_PREVIEWS = YES;
				GENERATE_INFOPLIST_FILE = YES;
				INFOPLIST_FILE = RepoSurfer/Info.plist;
				INFOPLIST_KEY_UIApplicationSceneManifest_Generation = YES;
				INFOPLIST_KEY_UIApplicationSupportsIndirectInputEvents = YES;
				INFOPLIST_KEY_UILaunchScreen_Generation = YES;
				INFOPLIST_KEY_UISupportedInterfaceOrientations_iPad = "UIInterfaceOrientationPortrait UIInterfaceOrientationPortraitUpsideDown UIInterfaceOrientationLandscapeLeft UIInterfaceOrientationLandscapeRight";
				INFOPLIST_KEY_UISupportedInterfaceOrientations_iPhone = "UIInterfaceOrientationPortrait UIInterfaceOrientationLandscapeLeft UIInterfaceOrientationLandscapeRight";
				LD_RUNPATH_SEARCH_PATHS = (
					"$(inherited)",
					"@executable_path/Frameworks",
				);
				MARKETING_VERSION = 1.0;
				PRODUCT_BUNDLE_IDENTIFIER = com.github.RepoSurfer;
				PRODUCT_NAME = "$(TARGET_NAME)";
				SWIFT_EMIT_LOC_STRINGS = YES;
				SWIFT_VERSION = 5.0;
				TARGETED_DEVICE_FAMILY = "1,2";
			};
			name = Debug;
		};
		5466D73E2A2DD88A00F4EFB8 /* Release */ = {
			isa = XCBuildConfiguration;
			buildSettings = {
				ASSETCATALOG_COMPILER_APPICON_NAME = AppIcon;
				ASSETCATALOG_COMPILER_GLOBAL_ACCENT_COLOR_NAME = AccentColor;
				CODE_SIGN_STYLE = Automatic;
				CURRENT_PROJECT_VERSION = 1;
				DEVELOPMENT_ASSET_PATHS = "\"RepoSurfer/Preview Content\"";
				DEVELOPMENT_TEAM = 7D3D9829Z3;
				ENABLE_PREVIEWS = YES;
				GENERATE_INFOPLIST_FILE = YES;
				INFOPLIST_FILE = RepoSurfer/Info.plist;
				INFOPLIST_KEY_UIApplicationSceneManifest_Generation = YES;
				INFOPLIST_KEY_UIApplicationSupportsIndirectInputEvents = YES;
				INFOPLIST_KEY_UILaunchScreen_Generation = YES;
				INFOPLIST_KEY_UISupportedInterfaceOrientations_iPad = "UIInterfaceOrientationPortrait UIInterfaceOrientationPortraitUpsideDown UIInterfaceOrientationLandscapeLeft UIInterfaceOrientationLandscapeRight";
				INFOPLIST_KEY_UISupportedInterfaceOrientations_iPhone = "UIInterfaceOrientationPortrait UIInterfaceOrientationLandscapeLeft UIInterfaceOrientationLandscapeRight";
				LD_RUNPATH_SEARCH_PATHS = (
					"$(inherited)",
					"@executable_path/Frameworks",
				);
				MARKETING_VERSION = 1.0;
				PRODUCT_BUNDLE_IDENTIFIER = com.github.RepoSurfer;
				PRODUCT_NAME = "$(TARGET_NAME)";
				SWIFT_EMIT_LOC_STRINGS = YES;
				SWIFT_VERSION = 5.0;
				TARGETED_DEVICE_FAMILY = "1,2";
			};
			name = Release;
		};
		5466D7402A2DD88A00F4EFB8 /* Debug */ = {
			isa = XCBuildConfiguration;
			buildSettings = {
				ALWAYS_EMBED_SWIFT_STANDARD_LIBRARIES = YES;
				BUNDLE_LOADER = "$(TEST_HOST)";
				CODE_SIGN_STYLE = Automatic;
				CURRENT_PROJECT_VERSION = 1;
				DEVELOPMENT_TEAM = 7D3D9829Z3;
				GENERATE_INFOPLIST_FILE = YES;
				IPHONEOS_DEPLOYMENT_TARGET = 16.2;
				MARKETING_VERSION = 1.0;
				PRODUCT_BUNDLE_IDENTIFIER = com.github.RepoSurferTests;
				PRODUCT_NAME = "$(TARGET_NAME)";
				SWIFT_EMIT_LOC_STRINGS = NO;
				SWIFT_VERSION = 5.0;
				TARGETED_DEVICE_FAMILY = "1,2";
				TEST_HOST = "$(BUILT_PRODUCTS_DIR)/RepoSurfer.app/$(BUNDLE_EXECUTABLE_FOLDER_PATH)/RepoSurfer";
			};
			name = Debug;
		};
		5466D7412A2DD88A00F4EFB8 /* Release */ = {
			isa = XCBuildConfiguration;
			buildSettings = {
				ALWAYS_EMBED_SWIFT_STANDARD_LIBRARIES = YES;
				BUNDLE_LOADER = "$(TEST_HOST)";
				CODE_SIGN_STYLE = Automatic;
				CURRENT_PROJECT_VERSION = 1;
				DEVELOPMENT_TEAM = 7D3D9829Z3;
				GENERATE_INFOPLIST_FILE = YES;
				IPHONEOS_DEPLOYMENT_TARGET = 16.2;
				MARKETING_VERSION = 1.0;
				PRODUCT_BUNDLE_IDENTIFIER = com.github.RepoSurferTests;
				PRODUCT_NAME = "$(TARGET_NAME)";
				SWIFT_EMIT_LOC_STRINGS = NO;
				SWIFT_VERSION = 5.0;
				TARGETED_DEVICE_FAMILY = "1,2";
				TEST_HOST = "$(BUILT_PRODUCTS_DIR)/RepoSurfer.app/$(BUNDLE_EXECUTABLE_FOLDER_PATH)/RepoSurfer";
			};
			name = Release;
		};
		5466D7432A2DD88A00F4EFB8 /* Debug */ = {
			isa = XCBuildConfiguration;
			buildSettings = {
				ALWAYS_EMBED_SWIFT_STANDARD_LIBRARIES = YES;
				CODE_SIGN_STYLE = Automatic;
				CURRENT_PROJECT_VERSION = 1;
				DEVELOPMENT_TEAM = 7D3D9829Z3;
				GENERATE_INFOPLIST_FILE = YES;
				MARKETING_VERSION = 1.0;
				PRODUCT_BUNDLE_IDENTIFIER = com.github.RepoSurferUITests;
				PRODUCT_NAME = "$(TARGET_NAME)";
				SWIFT_EMIT_LOC_STRINGS = NO;
				SWIFT_VERSION = 5.0;
				TARGETED_DEVICE_FAMILY = "1,2";
				TEST_TARGET_NAME = RepoSurfer;
			};
			name = Debug;
		};
		5466D7442A2DD88A00F4EFB8 /* Release */ = {
			isa = XCBuildConfiguration;
			buildSettings = {
				ALWAYS_EMBED_SWIFT_STANDARD_LIBRARIES = YES;
				CODE_SIGN_STYLE = Automatic;
				CURRENT_PROJECT_VERSION = 1;
				DEVELOPMENT_TEAM = 7D3D9829Z3;
				GENERATE_INFOPLIST_FILE = YES;
				MARKETING_VERSION = 1.0;
				PRODUCT_BUNDLE_IDENTIFIER = com.github.RepoSurferUITests;
				PRODUCT_NAME = "$(TARGET_NAME)";
				SWIFT_EMIT_LOC_STRINGS = NO;
				SWIFT_VERSION = 5.0;
				TARGETED_DEVICE_FAMILY = "1,2";
				TEST_TARGET_NAME = RepoSurfer;
			};
			name = Release;
		};
/* End XCBuildConfiguration section */

/* Begin XCConfigurationList section */
		5466D7132A2DD88900F4EFB8 /* Build configuration list for PBXProject "RepoSurfer" */ = {
			isa = XCConfigurationList;
			buildConfigurations = (
				5466D73A2A2DD88A00F4EFB8 /* Debug */,
				5466D73B2A2DD88A00F4EFB8 /* Release */,
			);
			defaultConfigurationIsVisible = 0;
			defaultConfigurationName = Release;
		};
		5466D73C2A2DD88A00F4EFB8 /* Build configuration list for PBXNativeTarget "RepoSurfer" */ = {
			isa = XCConfigurationList;
			buildConfigurations = (
				5466D73D2A2DD88A00F4EFB8 /* Debug */,
				5466D73E2A2DD88A00F4EFB8 /* Release */,
			);
			defaultConfigurationIsVisible = 0;
			defaultConfigurationName = Release;
		};
		5466D73F2A2DD88A00F4EFB8 /* Build configuration list for PBXNativeTarget "RepoSurferTests" */ = {
			isa = XCConfigurationList;
			buildConfigurations = (
				5466D7402A2DD88A00F4EFB8 /* Debug */,
				5466D7412A2DD88A00F4EFB8 /* Release */,
			);
			defaultConfigurationIsVisible = 0;
			defaultConfigurationName = Release;
		};
		5466D7422A2DD88A00F4EFB8 /* Build configuration list for PBXNativeTarget "RepoSurferUITests" */ = {
			isa = XCConfigurationList;
			buildConfigurations = (
				5466D7432A2DD88A00F4EFB8 /* Debug */,
				5466D7442A2DD88A00F4EFB8 /* Release */,
			);
			defaultConfigurationIsVisible = 0;
			defaultConfigurationName = Release;
		};
/* End XCConfigurationList section */

/* Begin XCRemoteSwiftPackageReference section */
		54C3AB2A2A30A61700629076 /* XCRemoteSwiftPackageReference "keychain-swift" */ = {
			isa = XCRemoteSwiftPackageReference;
			repositoryURL = "https://github.com/evgenyneu/keychain-swift.git";
			requirement = {
				branch = master;
				kind = branch;
			};
		};
/* End XCRemoteSwiftPackageReference section */

/* Begin XCSwiftPackageProductDependency section */
		54C3AB2B2A30A61700629076 /* KeychainSwift */ = {
			isa = XCSwiftPackageProductDependency;
			package = 54C3AB2A2A30A61700629076 /* XCRemoteSwiftPackageReference "keychain-swift" */;
			productName = KeychainSwift;
		};
/* End XCSwiftPackageProductDependency section */
	};
	rootObject = 5466D7102A2DD88900F4EFB8 /* Project object */;
}
